
Microsoft Visual Studio Solution File, Format Version 12.00
# Visual Studio Version 17
VisualStudioVersion = 17.1.32328.378
MinimumVisualStudioVersion = 10.0.40219.1
Project("{FAE04EC0-301F-11D3-BF4B-00C04F79EFBC}") = "WebApplicationTest", "WebApplicationTest.csproj", "{AB2E8AE6-933F-4DD4-89F3-5E652A1BA776}"
EndProject
Global
	GlobalSection(SolutionConfigurationPlatforms) = preSolution
		Debug|Any CPU = Debug|Any CPU
		Release|Any CPU = Release|Any CPU
	EndGlobalSection
	GlobalSection(ProjectConfigurationPlatforms) = postSolution
		{AB2E8AE6-933F-4DD4-89F3-5E652A1BA776}.Debug|Any CPU.ActiveCfg = Debug|Any CPU
		{AB2E8AE6-933F-4DD4-89F3-5E652A1BA776}.Debug|Any CPU.Build.0 = Debug|Any CPU
		{AB2E8AE6-933F-4DD4-89F3-5E652A1BA776}.Release|Any CPU.ActiveCfg = Release|Any CPU
		{AB2E8AE6-933F-4DD4-89F3-5E652A1BA776}.Release|Any CPU.Build.0 = Release|Any CPU
	EndGlobalSection
	GlobalSection(SolutionProperties) = preSolution
		HideSolutionNode = FALSE
	EndGlobalSection
	GlobalSection(ExtensibilityGlobals) = postSolution
		SolutionGuid = {B183652D-42F8-4F8E-9A80-56B08664AA2D}
	EndGlobalSection
EndGlobal
